
Microsoft Visual Studio Solution File, Format Version 12.00
# Visual Studio 15
VisualStudioVersion = 15.0.26430.12
MinimumVisualStudioVersion = 10.0.40219.1
Project("{FAE04EC0-301F-11D3-BF4B-00C04F79EFBC}") = "Housing", "Housing\Housing.csproj", "{B431C4A3-EB56-4827-A07B-6B1BDAC83260}"
EndProject
Project("{FAE04EC0-301F-11D3-BF4B-00C04F79EFBC}") = "Housing.Models", "Housing.Models\Housing.Models.csproj", "{52EC284B-D11A-42CA-8C35-31A436C56189}"
EndProject
Project("{FAE04EC0-301F-11D3-BF4B-00C04F79EFBC}") = "Housing.Services", "Housing.Services\Housing.Services.csproj", "{52F3219D-AAC9-4451-8E7E-EEB5869C4B63}"
EndProject
Project("{FAE04EC0-301F-11D3-BF4B-00C04F79EFBC}") = "Housing.Scraping", "Housing.Scraping\Housing.Scraping.csproj", "{A7F353A5-20E1-4F86-B997-3DC893FB548F}"
EndProject
Project("{FAE04EC0-301F-11D3-BF4B-00C04F79EFBC}") = "Housing.Parsing", "Housing.Parsing\Housing.Parsing.csproj", "{33DA7F05-DE06-446D-BCB8-18146E0EA360}"
EndProject
Global
	GlobalSection(SolutionConfigurationPlatforms) = preSolution
		Debug|Any CPU = Debug|Any CPU
		Release|Any CPU = Release|Any CPU
	EndGlobalSection
	GlobalSection(ProjectConfigurationPlatforms) = postSolution
		{B431C4A3-EB56-4827-A07B-6B1BDAC83260}.Debug|Any CPU.ActiveCfg = Debug|Any CPU
		{B431C4A3-EB56-4827-A07B-6B1BDAC83260}.Debug|Any CPU.Build.0 = Debug|Any CPU
		{B431C4A3-EB56-4827-A07B-6B1BDAC83260}.Release|Any CPU.ActiveCfg = Release|Any CPU
		{B431C4A3-EB56-4827-A07B-6B1BDAC83260}.Release|Any CPU.Build.0 = Release|Any CPU
		{52EC284B-D11A-42CA-8C35-31A436C56189}.Debug|Any CPU.ActiveCfg = Debug|Any CPU
		{52EC284B-D11A-42CA-8C35-31A436C56189}.Debug|Any CPU.Build.0 = Debug|Any CPU
		{52EC284B-D11A-42CA-8C35-31A436C56189}.Release|Any CPU.ActiveCfg = Release|Any CPU
		{52EC284B-D11A-42CA-8C35-31A436C56189}.Release|Any CPU.Build.0 = Release|Any CPU
		{52F3219D-AAC9-4451-8E7E-EEB5869C4B63}.Debug|Any CPU.ActiveCfg = Debug|Any CPU
		{52F3219D-AAC9-4451-8E7E-EEB5869C4B63}.Debug|Any CPU.Build.0 = Debug|Any CPU
		{52F3219D-AAC9-4451-8E7E-EEB5869C4B63}.Release|Any CPU.ActiveCfg = Release|Any CPU
		{52F3219D-AAC9-4451-8E7E-EEB5869C4B63}.Release|Any CPU.Build.0 = Release|Any CPU
		{A7F353A5-20E1-4F86-B997-3DC893FB548F}.Debug|Any CPU.ActiveCfg = Debug|Any CPU
		{A7F353A5-20E1-4F86-B997-3DC893FB548F}.Debug|Any CPU.Build.0 = Debug|Any CPU
		{A7F353A5-20E1-4F86-B997-3DC893FB548F}.Release|Any CPU.ActiveCfg = Release|Any CPU
		{A7F353A5-20E1-4F86-B997-3DC893FB548F}.Release|Any CPU.Build.0 = Release|Any CPU
		{33DA7F05-DE06-446D-BCB8-18146E0EA360}.Debug|Any CPU.ActiveCfg = Debug|Any CPU
		{33DA7F05-DE06-446D-BCB8-18146E0EA360}.Debug|Any CPU.Build.0 = Debug|Any CPU
		{33DA7F05-DE06-446D-BCB8-18146E0EA360}.Release|Any CPU.ActiveCfg = Release|Any CPU
		{33DA7F05-DE06-446D-BCB8-18146E0EA360}.Release|Any CPU.Build.0 = Release|Any CPU
	EndGlobalSection
	GlobalSection(SolutionProperties) = preSolution
		HideSolutionNode = FALSE
	EndGlobalSection
EndGlobal
